
Microsoft Visual Studio Solution File, Format Version 12.00
# Visual Studio Version 16
VisualStudioVersion = 16.0.31702.278
MinimumVisualStudioVersion = 10.0.40219.1
Project("{FAE04EC0-301F-11D3-BF4B-00C04F79EFBC}") = "wpf_lab10", "wpf_lab10\wpf_lab10.csproj", "{FC23850F-FBBE-41B8-A230-98370CEBBA70}"
EndProject
Global
	GlobalSection(SolutionConfigurationPlatforms) = preSolution
		Debug|Any CPU = Debug|Any CPU
		Release|Any CPU = Release|Any CPU
	EndGlobalSection
	GlobalSection(ProjectConfigurationPlatforms) = postSolution
		{FC23850F-FBBE-41B8-A230-98370CEBBA70}.Debug|Any CPU.ActiveCfg = Debug|Any CPU
		{FC23850F-FBBE-41B8-A230-98370CEBBA70}.Debug|Any CPU.Build.0 = Debug|Any CPU
		{FC23850F-FBBE-41B8-A230-98370CEBBA70}.Release|Any CPU.ActiveCfg = Release|Any CPU
		{FC23850F-FBBE-41B8-A230-98370CEBBA70}.Release|Any CPU.Build.0 = Release|Any CPU
	EndGlobalSection
	GlobalSection(SolutionProperties) = preSolution
		HideSolutionNode = FALSE
	EndGlobalSection
	GlobalSection(ExtensibilityGlobals) = postSolution
		SolutionGuid = {A66BBB6D-6B6F-4F49-B319-AB92764A7F6E}
	EndGlobalSection
EndGlobal
